
Microsoft Visual Studio Solution File, Format Version 12.00
# Visual Studio Version 17
VisualStudioVersion = 17.0.32014.148
MinimumVisualStudioVersion = 10.0.40219.1
Project("{FAE04EC0-301F-11D3-BF4B-00C04F79EFBC}") = "Sandbox.AzureEventHubs", "Sandbox.AzureEventHubs\Sandbox.AzureEventHubs.csproj", "{68AE30DF-E1E5-46C0-89FA-0A4329B72191}"
EndProject
Global
	GlobalSection(SolutionConfigurationPlatforms) = preSolution
		Debug|Any CPU = Debug|Any CPU
		Release|Any CPU = Release|Any CPU
	EndGlobalSection
	GlobalSection(ProjectConfigurationPlatforms) = postSolution
		{68AE30DF-E1E5-46C0-89FA-0A4329B72191}.Debug|Any CPU.ActiveCfg = Debug|Any CPU
		{68AE30DF-E1E5-46C0-89FA-0A4329B72191}.Debug|Any CPU.Build.0 = Debug|Any CPU
		{68AE30DF-E1E5-46C0-89FA-0A4329B72191}.Release|Any CPU.ActiveCfg = Release|Any CPU
		{68AE30DF-E1E5-46C0-89FA-0A4329B72191}.Release|Any CPU.Build.0 = Release|Any CPU
	EndGlobalSection
	GlobalSection(SolutionProperties) = preSolution
		HideSolutionNode = FALSE
	EndGlobalSection
	GlobalSection(ExtensibilityGlobals) = postSolution
		SolutionGuid = {FCC19390-547A-4DED-A3F7-C5B8987E835A}
	EndGlobalSection
EndGlobal
